
Microsoft Visual Studio Solution File, Format Version 12.00
# Visual Studio Version 17
VisualStudioVersion = 17.13.35919.96 d17.13
MinimumVisualStudioVersion = 10.0.40219.1
Project("{FAE04EC0-301F-11D3-BF4B-00C04F79EFBC}") = "SK_Tutorials", "SK_Tutorials.csproj", "{328197A9-1D98-4D07-B6E7-6BA08B966B8F}"
EndProject
Global
	GlobalSection(SolutionConfigurationPlatforms) = preSolution
		Debug|Any CPU = Debug|Any CPU
		Release|Any CPU = Release|Any CPU
	EndGlobalSection
	GlobalSection(ProjectConfigurationPlatforms) = postSolution
		{328197A9-1D98-4D07-B6E7-6BA08B966B8F}.Debug|Any CPU.ActiveCfg = Debug|Any CPU
		{328197A9-1D98-4D07-B6E7-6BA08B966B8F}.Debug|Any CPU.Build.0 = Debug|Any CPU
		{328197A9-1D98-4D07-B6E7-6BA08B966B8F}.Release|Any CPU.ActiveCfg = Release|Any CPU
		{328197A9-1D98-4D07-B6E7-6BA08B966B8F}.Release|Any CPU.Build.0 = Release|Any CPU
	EndGlobalSection
	GlobalSection(SolutionProperties) = preSolution
		HideSolutionNode = FALSE
	EndGlobalSection
	GlobalSection(ExtensibilityGlobals) = postSolution
		SolutionGuid = {143A28E1-1350-480A-A2E6-9FABEB25A444}
	EndGlobalSection
EndGlobal
